// !$*UTF8*$!
{
	archiveVersion = 1;
	classes = {
	};
	objectVersion = 77;
	objects = {

/* Begin PBXContainerItemProxy section */
		CCE78B942D29BB1F00A71A0B /* PBXContainerItemProxy */ = {
			isa = PBXContainerItemProxy;
			containerPortal = CCE78B7B2D29BB1C00A71A0B /* Project object */;
			proxyType = 1;
			remoteGlobalIDString = CCE78B822D29BB1C00A71A0B;
			remoteInfo = MotoSmart;
		};
		CCE78B9E2D29BB1F00A71A0B /* PBXContainerItemProxy */ = {
			isa = PBXContainerItemProxy;
			containerPortal = CCE78B7B2D29BB1C00A71A0B /* Project object */;
			proxyType = 1;
			remoteGlobalIDString = CCE78B822D29BB1C00A71A0B;
			remoteInfo = MotoSmart;
		};
/* End PBXContainerItemProxy section */

/* Begin PBXFileReference section */
		CCE78B832D29BB1C00A71A0B /* MotoSmart.app */ = {isa = PBXFileReference; explicitFileType = wrapper.application; includeInIndex = 0; path = MotoSmart.app; sourceTree = BUILT_PRODUCTS_DIR; };
		CCE78B932D29BB1F00A71A0B /* MotoSmartTests.xctest */ = {isa = PBXFileReference; explicitFileType = wrapper.cfbundle; includeInIndex = 0; path = MotoSmartTests.xctest; sourceTree = BUILT_PRODUCTS_DIR; };
		CCE78B9D2D29BB1F00A71A0B /* MotoSmartUITests.xctest */ = {isa = PBXFileReference; explicitFileType = wrapper.cfbundle; includeInIndex = 0; path = MotoSmartUITests.xctest; sourceTree = BUILT_PRODUCTS_DIR; };
/* End PBXFileReference section */

/* Begin PBXFileSystemSynchronizedBuildFileExceptionSet section */
		CCE78BB72D29C1AB00A71A0B /* Exceptions for "MotoSmart" folder in "MotoSmartTests" target */ = {
			isa = PBXFileSystemSynchronizedBuildFileExceptionSet;
			membershipExceptions = (
				"LilitaOne-Regular.ttf",
			);
			target = CCE78B922D29BB1F00A71A0B /* MotoSmartTests */;
		};
		CCE78BB82D29C1AB00A71A0B /* Exceptions for "MotoSmart" folder in "MotoSmartUITests" target */ = {
			isa = PBXFileSystemSynchronizedBuildFileExceptionSet;
			membershipExceptions = (
				"LilitaOne-Regular.ttf",
			);
			target = CCE78B9C2D29BB1F00A71A0B /* MotoSmartUITests */;
		};
		CCE78BBA2D29C1C400A71A0B /* Exceptions for "MotoSmart" folder in "MotoSmart" target */ = {
			isa = PBXFileSystemSynchronizedBuildFileExceptionSet;
			membershipExceptions = (
				Info.plist,
			);
			target = CCE78B822D29BB1C00A71A0B /* MotoSmart */;
		};
/* End PBXFileSystemSynchronizedBuildFileExceptionSet section */

/* Begin PBXFileSystemSynchronizedRootGroup section */
		CCE78B852D29BB1C00A71A0B /* MotoSmart */ = {
			isa = PBXFileSystemSynchronizedRootGroup;
			exceptions = (
				CCE78BBA2D29C1C400A71A0B /* Exceptions for "MotoSmart" folder in "MotoSmart" target */,
				CCE78BB72D29C1AB00A71A0B /* Exceptions for "MotoSmart" folder in "MotoSmartTests" target */,
				CCE78BB82D29C1AB00A71A0B /* Exceptions for "MotoSmart" folder in "MotoSmartUITests" target */,
			);
			path = MotoSmart;
			sourceTree = "<group>";
		};
		CCE78B962D29BB1F00A71A0B /* MotoSmartTests */ = {
			isa = PBXFileSystemSynchronizedRootGroup;
			path = MotoSmartTests;
			sourceTree = "<group>";
		};
		CCE78BA02D29BB1F00A71A0B /* MotoSmartUITests */ = {
			isa = PBXFileSystemSynchronizedRootGroup;
			path = MotoSmartUITests;
			sourceTree = "<group>";
		};
/* End PBXFileSystemSynchronizedRootGroup section */

/* Begin PBXFrameworksBuildPhase section */
		CCE78B802D29BB1C00A71A0B /* Frameworks */ = {
			isa = PBXFrameworksBuildPhase;
			buildActionMask = 2147483647;
			files = (
			);
			runOnlyForDeploymentPostprocessing = 0;
		};
		CCE78B902D29BB1F00A71A0B /* Frameworks */ = {
			isa = PBXFrameworksBuildPhase;
			buildActionMask = 2147483647;
			files = (
			);
			runOnlyForDeploymentPostprocessing = 0;
		};
		CCE78B9A2D29BB1F00A71A0B /* Frameworks */ = {
			isa = PBXFrameworksBuildPhase;
			buildActionMask = 2147483647;
			files = (
			);
			runOnlyForDeploymentPostprocessing = 0;
		};
/* End PBXFrameworksBuildPhase section */

/* Begin PBXGroup section */
		CCE78B7A2D29BB1C00A71A0B = {
			isa = PBXGroup;
			children = (
				CCE78B852D29BB1C00A71A0B /* MotoSmart */,
				CCE78B962D29BB1F00A71A0B /* MotoSmartTests */,
				CCE78BA02D29BB1F00A71A0B /* MotoSmartUITests */,
				CCE78B842D29BB1C00A71A0B /* Products */,
			);
			sourceTree = "<group>";
		};
		CCE78B842D29BB1C00A71A0B /* Products */ = {
			isa = PBXGroup;
			children = (
				CCE78B832D29BB1C00A71A0B /* MotoSmart.app */,
				CCE78B932D29BB1F00A71A0B /* MotoSmartTests.xctest */,
				CCE78B9D2D29BB1F00A71A0B /* MotoSmartUITests.xctest */,
			);
			name = Products;
			sourceTree = "<group>";
		};
/* End PBXGroup section */

/* Begin PBXNativeTarget section */
		CCE78B822D29BB1C00A71A0B /* MotoSmart */ = {
			isa = PBXNativeTarget;
			buildConfigurationList = CCE78BA72D29BB1F00A71A0B /* Build configuration list for PBXNativeTarget "MotoSmart" */;
			buildPhases = (
				CCE78B7F2D29BB1C00A71A0B /* Sources */,
				CCE78B802D29BB1C00A71A0B /* Frameworks */,
				CCE78B812D29BB1C00A71A0B /* Resources */,
			);
			buildRules = (
			);
			dependencies = (
			);
			fileSystemSynchronizedGroups = (
				CCE78B852D29BB1C00A71A0B /* MotoSmart */,
			);
			name = MotoSmart;
			packageProductDependencies = (
			);
			productName = MotoSmart;
			productReference = CCE78B832D29BB1C00A71A0B /* MotoSmart.app */;
			productType = "com.apple.product-type.application";
		};
		CCE78B922D29BB1F00A71A0B /* MotoSmartTests */ = {
			isa = PBXNativeTarget;
			buildConfigurationList = CCE78BAA2D29BB1F00A71A0B /* Build configuration list for PBXNativeTarget "MotoSmartTests" */;
			buildPhases = (
				CCE78B8F2D29BB1F00A71A0B /* Sources */,
				CCE78B902D29BB1F00A71A0B /* Frameworks */,
				CCE78B912D29BB1F00A71A0B /* Resources */,
			);
			buildRules = (
			);
			dependencies = (
				CCE78B952D29BB1F00A71A0B /* PBXTargetDependency */,
			);
			fileSystemSynchronizedGroups = (
				CCE78B962D29BB1F00A71A0B /* MotoSmartTests */,
			);
			name = MotoSmartTests;
			packageProductDependencies = (
			);
			productName = MotoSmartTests;
			productReference = CCE78B932D29BB1F00A71A0B /* MotoSmartTests.xctest */;
			productType = "com.apple.product-type.bundle.unit-test";
		};
		CCE78B9C2D29BB1F00A71A0B /* MotoSmartUITests */ = {
			isa = PBXNativeTarget;
			buildConfigurationList = CCE78BAD2D29BB1F00A71A0B /* Build configuration list for PBXNativeTarget "MotoSmartUITests" */;
			buildPhases = (
				CCE78B992D29BB1F00A71A0B /* Sources */,
				CCE78B9A2D29BB1F00A71A0B /* Frameworks */,
				CCE78B9B2D29BB1F00A71A0B /* Resources */,
			);
			buildRules = (
			);
			dependencies = (
				CCE78B9F2D29BB1F00A71A0B /* PBXTargetDependency */,
			);
			fileSystemSynchronizedGroups = (
				CCE78BA02D29BB1F00A71A0B /* MotoSmartUITests */,
			);
			name = MotoSmartUITests;
			packageProductDependencies = (
			);
			productName = MotoSmartUITests;
			productReference = CCE78B9D2D29BB1F00A71A0B /* MotoSmartUITests.xctest */;
			productType = "com.apple.product-type.bundle.ui-testing";
		};
/* End PBXNativeTarget section */

/* Begin PBXProject section */
		CCE78B7B2D29BB1C00A71A0B /* Project object */ = {
			isa = PBXProject;
			attributes = {
				BuildIndependentTargetsInParallel = 1;
				LastSwiftUpdateCheck = 1600;
				LastUpgradeCheck = 1600;
				TargetAttributes = {
					CCE78B822D29BB1C00A71A0B = {
						CreatedOnToolsVersion = 16.0;
					};
					CCE78B922D29BB1F00A71A0B = {
						CreatedOnToolsVersion = 16.0;
						TestTargetID = CCE78B822D29BB1C00A71A0B;
					};
					CCE78B9C2D29BB1F00A71A0B = {
						CreatedOnToolsVersion = 16.0;
						TestTargetID = CCE78B822D29BB1C00A71A0B;
					};
				};
			};
			buildConfigurationList = CCE78B7E2D29BB1C00A71A0B /* Build configuration list for PBXProject "MotoSmart" */;
			developmentRegion = en;
			hasScannedForEncodings = 0;
			knownRegions = (
				en,
				Base,
			);
			mainGroup = CCE78B7A2D29BB1C00A71A0B;
			minimizedProjectReferenceProxies = 1;
			preferredProjectObjectVersion = 77;
			productRefGroup = CCE78B842D29BB1C00A71A0B /* Products */;
			projectDirPath = "";
			projectRoot = "";
			targets = (
				CCE78B822D29BB1C00A71A0B /* MotoSmart */,
				CCE78B922D29BB1F00A71A0B /* MotoSmartTests */,
				CCE78B9C2D29BB1F00A71A0B /* MotoSmartUITests */,
			);
		};
/* End PBXProject section */

/* Begin PBXResourcesBuildPhase section */
		CCE78B812D29BB1C00A71A0B /* Resources */ = {
			isa = PBXResourcesBuildPhase;
			buildActionMask = 2147483647;
			files = (
			);
			runOnlyForDeploymentPostprocessing = 0;
		};
		CCE78B912D29BB1F00A71A0B /* Resources */ = {
			isa = PBXResourcesBuildPhase;
			buildActionMask = 2147483647;
			files = (
			);
			runOnlyForDeploymentPostprocessing = 0;
		};
		CCE78B9B2D29BB1F00A71A0B /* Resources */ = {
			isa = PBXResourcesBuildPhase;
			buildActionMask = 2147483647;
			files = (
			);
			runOnlyForDeploymentPostprocessing = 0;
		};
/* End PBXResourcesBuildPhase section */

/* Begin PBXSourcesBuildPhase section */
		CCE78B7F2D29BB1C00A71A0B /* Sources */ = {
			isa = PBXSourcesBuildPhase;
			buildActionMask = 2147483647;
			files = (
			);
			runOnlyForDeploymentPostprocessing = 0;
		};
		CCE78B8F2D29BB1F00A71A0B /* Sources */ = {
			isa = PBXSourcesBuildPhase;
			buildActionMask = 2147483647;
			files = (
			);
			runOnlyForDeploymentPostprocessing = 0;
		};
		CCE78B992D29BB1F00A71A0B /* Sources */ = {
			isa = PBXSourcesBuildPhase;
			buildActionMask = 2147483647;
			files = (
			);
			runOnlyForDeploymentPostprocessing = 0;
		};
/* End PBXSourcesBuildPhase section */

/* Begin PBXTargetDependency section */
		CCE78B952D29BB1F00A71A0B /* PBXTargetDependency */ = {
			isa = PBXTargetDependency;
			target = CCE78B822D29BB1C00A71A0B /* MotoSmart */;
			targetProxy = CCE78B942D29BB1F00A71A0B /* PBXContainerItemProxy */;
		};
		CCE78B9F2D29BB1F00A71A0B /* PBXTargetDependency */ = {
			isa = PBXTargetDependency;
			target = CCE78B822D29BB1C00A71A0B /* MotoSmart */;
			targetProxy = CCE78B9E2D29BB1F00A71A0B /* PBXContainerItemProxy */;
		};
/* End PBXTargetDependency section */

/* Begin XCBuildConfiguration section */
		CCE78BA52D29BB1F00A71A0B /* Debug */ = {
			isa = XCBuildConfiguration;
			buildSettings = {
				ALWAYS_SEARCH_USER_PATHS = NO;
				ASSETCATALOG_COMPILER_GENERATE_SWIFT_ASSET_SYMBOL_EXTENSIONS = YES;
				CLANG_ANALYZER_NONNULL = YES;
				CLANG_ANALYZER_NUMBER_OBJECT_CONVERSION = YES_AGGRESSIVE;
				CLANG_CXX_LANGUAGE_STANDARD = "gnu++20";
				CLANG_ENABLE_MODULES = YES;
				CLANG_ENABLE_OBJC_ARC = YES;
				CLANG_ENABLE_OBJC_WEAK = YES;
				CLANG_WARN_BLOCK_CAPTURE_AUTORELEASING = YES;
				CLANG_WARN_BOOL_CONVERSION = YES;
				CLANG_WARN_COMMA = YES;
				CLANG_WARN_CONSTANT_CONVERSION = YES;
				CLANG_WARN_DEPRECATED_OBJC_IMPLEMENTATIONS = YES;
				CLANG_WARN_DIRECT_OBJC_ISA_USAGE = YES_ERROR;
				CLANG_WARN_DOCUMENTATION_COMMENTS = YES;
				CLANG_WARN_EMPTY_BODY = YES;
				CLANG_WARN_ENUM_CONVERSION = YES;
				CLANG_WARN_INFINITE_RECURSION = YES;
				CLANG_WARN_INT_CONVERSION = YES;
				CLANG_WARN_NON_LITERAL_NULL_CONVERSION = YES;
				CLANG_WARN_OBJC_IMPLICIT_RETAIN_SELF = YES;
				CLANG_WARN_OBJC_LITERAL_CONVERSION = YES;
				CLANG_WARN_OBJC_ROOT_CLASS = YES_ERROR;
				CLANG_WARN_QUOTED_INCLUDE_IN_FRAMEWORK_HEADER = YES;
				CLANG_WARN_RANGE_LOOP_ANALYSIS = YES;
				CLANG_WARN_STRICT_PROTOTYPES = YES;
				CLANG_WARN_SUSPICIOUS_MOVE = YES;
				CLANG_WARN_UNGUARDED_AVAILABILITY = YES_AGGRESSIVE;
				CLANG_WARN_UNREACHABLE_CODE = YES;
				CLANG_WARN__DUPLICATE_METHOD_MATCH = YES;
				COPY_PHASE_STRIP = NO;
				DEBUG_INFORMATION_FORMAT = dwarf;
				ENABLE_STRICT_OBJC_MSGSEND = YES;
				ENABLE_TESTABILITY = YES;
				ENABLE_USER_SCRIPT_SANDBOXING = YES;
				GCC_C_LANGUAGE_STANDARD = gnu17;
				GCC_DYNAMIC_NO_PIC = NO;
				GCC_NO_COMMON_BLOCKS = YES;
				GCC_OPTIMIZATION_LEVEL = 0;
				GCC_PREPROCESSOR_DEFINITIONS = (
					"DEBUG=1",
					"$(inherited)",
				);
				GCC_WARN_64_TO_32_BIT_CONVERSION = YES;
				GCC_WARN_ABOUT_RETURN_TYPE = YES_ERROR;
				GCC_WARN_UNDECLARED_SELECTOR = YES;
				GCC_WARN_UNINITIALIZED_AUTOS = YES_AGGRESSIVE;
				GCC_WARN_UNUSED_FUNCTION = YES;
				GCC_WARN_UNUSED_VARIABLE = YES;
				IPHONEOS_DEPLOYMENT_TARGET = 18.0;
				LOCALIZATION_PREFERS_STRING_CATALOGS = YES;
				MTL_ENABLE_DEBUG_INFO = INCLUDE_SOURCE;
				MTL_FAST_MATH = YES;
				ONLY_ACTIVE_ARCH = YES;
				SDKROOT = iphoneos;
				SWIFT_ACTIVE_COMPILATION_CONDITIONS = "DEBUG $(inherited)";
				SWIFT_OPTIMIZATION_LEVEL = "-Onone";
			};
			name = Debug;
		};
		CCE78BA62D29BB1F00A71A0B /* Release */ = {
			isa = XCBuildConfiguration;
			buildSettings = {
				ALWAYS_SEARCH_USER_PATHS = NO;
				ASSETCATALOG_COMPILER_GENERATE_SWIFT_ASSET_SYMBOL_EXTENSIONS = YES;
				CLANG_ANALYZER_NONNULL = YES;
				CLANG_ANALYZER_NUMBER_OBJECT_CONVERSION = YES_AGGRESSIVE;
				CLANG_CXX_LANGUAGE_STANDARD = "gnu++20";
				CLANG_ENABLE_MODULES = YES;
				CLANG_ENABLE_OBJC_ARC = YES;
				CLANG_ENABLE_OBJC_WEAK = YES;
				CLANG_WARN_BLOCK_CAPTURE_AUTORELEASING = YES;
				CLANG_WARN_BOOL_CONVERSION = YES;
				CLANG_WARN_COMMA = YES;
				CLANG_WARN_CONSTANT_CONVERSION = YES;
				CLANG_WARN_DEPRECATED_OBJC_IMPLEMENTATIONS = YES;
				CLANG_WARN_DIRECT_OBJC_ISA_USAGE = YES_ERROR;
				CLANG_WARN_DOCUMENTATION_COMMENTS = YES;
				CLANG_WARN_EMPTY_BODY = YES;
				CLANG_WARN_ENUM_CONVERSION = YES;
				CLANG_WARN_INFINITE_RECURSION = YES;
				CLANG_WARN_INT_CONVERSION = YES;
				CLANG_WARN_NON_LITERAL_NULL_CONVERSION = YES;
				CLANG_WARN_OBJC_IMPLICIT_RETAIN_SELF = YES;
				CLANG_WARN_OBJC_LITERAL_CONVERSION = YES;
				CLANG_WARN_OBJC_ROOT_CLASS = YES_ERROR;
				CLANG_WARN_QUOTED_INCLUDE_IN_FRAMEWORK_HEADER = YES;
				CLANG_WARN_RANGE_LOOP_ANALYSIS = YES;
				CLANG_WARN_STRICT_PROTOTYPES = YES;
				CLANG_WARN_SUSPICIOUS_MOVE = YES;
				CLANG_WARN_UNGUARDED_AVAILABILITY = YES_AGGRESSIVE;
				CLANG_WARN_UNREACHABLE_CODE = YES;
				CLANG_WARN__DUPLICATE_METHOD_MATCH = YES;
				COPY_PHASE_STRIP = NO;
				DEBUG_INFORMATION_FORMAT = "dwarf-with-dsym";
				ENABLE_NS_ASSERTIONS = NO;
				ENABLE_STRICT_OBJC_MSGSEND = YES;
				ENABLE_USER_SCRIPT_SANDBOXING = YES;
				GCC_C_LANGUAGE_STANDARD = gnu17;
				GCC_NO_COMMON_BLOCKS = YES;
				GCC_WARN_64_TO_32_BIT_CONVERSION = YES;
				GCC_WARN_ABOUT_RETURN_TYPE = YES_ERROR;
				GCC_WARN_UNDECLARED_SELECTOR = YES;
				GCC_WARN_UNINITIALIZED_AUTOS = YES_AGGRESSIVE;
				GCC_WARN_UNUSED_FUNCTION = YES;
				GCC_WARN_UNUSED_VARIABLE = YES;
				IPHONEOS_DEPLOYMENT_TARGET = 18.0;
				LOCALIZATION_PREFERS_STRING_CATALOGS = YES;
				MTL_ENABLE_DEBUG_INFO = NO;
				MTL_FAST_MATH = YES;
				SDKROOT = iphoneos;
				SWIFT_COMPILATION_MODE = wholemodule;
				VALIDATE_PRODUCT = YES;
			};
			name = Release;
		};
		CCE78BA82D29BB1F00A71A0B /* Debug */ = {
			isa = XCBuildConfiguration;
			buildSettings = {
				ASSETCATALOG_COMPILER_APPICON_NAME = AppIcon;
				ASSETCATALOG_COMPILER_GLOBAL_ACCENT_COLOR_NAME = AccentColor;
				CODE_SIGN_STYLE = Automatic;
				CURRENT_PROJECT_VERSION = 1;
				DEVELOPMENT_ASSET_PATHS = "\"MotoSmart/Preview Content\"";
				ENABLE_PREVIEWS = YES;
				GENERATE_INFOPLIST_FILE = YES;
				INFOPLIST_FILE = MotoSmart/Info.plist;
				INFOPLIST_KEY_UIApplicationSceneManifest_Generation = YES;
				INFOPLIST_KEY_UIApplicationSupportsIndirectInputEvents = YES;
				INFOPLIST_KEY_UILaunchScreen_Generation = YES;
				INFOPLIST_KEY_UISupportedInterfaceOrientations_iPad = "UIInterfaceOrientationPortrait UIInterfaceOrientationPortraitUpsideDown UIInterfaceOrientationLandscapeLeft UIInterfaceOrientationLandscapeRight";
				INFOPLIST_KEY_UISupportedInterfaceOrientations_iPhone = "UIInterfaceOrientationPortrait UIInterfaceOrientationLandscapeLeft UIInterfaceOrientationLandscapeRight";
				LD_RUNPATH_SEARCH_PATHS = (
					"$(inherited)",
					"@executable_path/Frameworks",
				);
				MARKETING_VERSION = 1.0;
				PRODUCT_BUNDLE_IDENTIFIER = "press-f.MotoSmart";
				PRODUCT_NAME = "$(TARGET_NAME)";
				SWIFT_EMIT_LOC_STRINGS = YES;
				SWIFT_VERSION = 5.0;
				TARGETED_DEVICE_FAMILY = "1,2";
			};
			name = Debug;
		};
		CCE78BA92D29BB1F00A71A0B /* Release */ = {
			isa = XCBuildConfiguration;
			buildSettings = {
				ASSETCATALOG_COMPILER_APPICON_NAME = AppIcon;
				ASSETCATALOG_COMPILER_GLOBAL_ACCENT_COLOR_NAME = AccentColor;
				CODE_SIGN_STYLE = Automatic;
				CURRENT_PROJECT_VERSION = 1;
				DEVELOPMENT_ASSET_PATHS = "\"MotoSmart/Preview Content\"";
				ENABLE_PREVIEWS = YES;
				GENERATE_INFOPLIST_FILE = YES;
				INFOPLIST_FILE = MotoSmart/Info.plist;
				INFOPLIST_KEY_UIApplicationSceneManifest_Generation = YES;
				INFOPLIST_KEY_UIApplicationSupportsIndirectInputEvents = YES;
				INFOPLIST_KEY_UILaunchScreen_Generation = YES;
				INFOPLIST_KEY_UISupportedInterfaceOrientations_iPad = "UIInterfaceOrientationPortrait UIInterfaceOrientationPortraitUpsideDown UIInterfaceOrientationLandscapeLeft UIInterfaceOrientationLandscapeRight";
				INFOPLIST_KEY_UISupportedInterfaceOrientations_iPhone = "UIInterfaceOrientationPortrait UIInterfaceOrientationLandscapeLeft UIInterfaceOrientationLandscapeRight";
				LD_RUNPATH_SEARCH_PATHS = (
					"$(inherited)",
					"@executable_path/Frameworks",
				);
				MARKETING_VERSION = 1.0;
				PRODUCT_BUNDLE_IDENTIFIER = "press-f.MotoSmart";
				PRODUCT_NAME = "$(TARGET_NAME)";
				SWIFT_EMIT_LOC_STRINGS = YES;
				SWIFT_VERSION = 5.0;
				TARGETED_DEVICE_FAMILY = "1,2";
			};
			name = Release;
		};
		CCE78BAB2D29BB1F00A71A0B /* Debug */ = {
			isa = XCBuildConfiguration;
			buildSettings = {
				BUNDLE_LOADER = "$(TEST_HOST)";
				CODE_SIGN_STYLE = Automatic;
				CURRENT_PROJECT_VERSION = 1;
				GENERATE_INFOPLIST_FILE = YES;
				IPHONEOS_DEPLOYMENT_TARGET = 18.0;
				MARKETING_VERSION = 1.0;
				PRODUCT_BUNDLE_IDENTIFIER = "press-f.MotoSmartTests";
				PRODUCT_NAME = "$(TARGET_NAME)";
				SWIFT_EMIT_LOC_STRINGS = NO;
				SWIFT_VERSION = 5.0;
				TARGETED_DEVICE_FAMILY = "1,2";
				TEST_HOST = "$(BUILT_PRODUCTS_DIR)/MotoSmart.app/$(BUNDLE_EXECUTABLE_FOLDER_PATH)/MotoSmart";
			};
			name = Debug;
		};
		CCE78BAC2D29BB1F00A71A0B /* Release */ = {
			isa = XCBuildConfiguration;
			buildSettings = {
				BUNDLE_LOADER = "$(TEST_HOST)";
				CODE_SIGN_STYLE = Automatic;
				CURRENT_PROJECT_VERSION = 1;
				GENERATE_INFOPLIST_FILE = YES;
				IPHONEOS_DEPLOYMENT_TARGET = 18.0;
				MARKETING_VERSION = 1.0;
				PRODUCT_BUNDLE_IDENTIFIER = "press-f.MotoSmartTests";
				PRODUCT_NAME = "$(TARGET_NAME)";
				SWIFT_EMIT_LOC_STRINGS = NO;
				SWIFT_VERSION = 5.0;
				TARGETED_DEVICE_FAMILY = "1,2";
				TEST_HOST = "$(BUILT_PRODUCTS_DIR)/MotoSmart.app/$(BUNDLE_EXECUTABLE_FOLDER_PATH)/MotoSmart";
			};
			name = Release;
		};
		CCE78BAE2D29BB1F00A71A0B /* Debug */ = {
			isa = XCBuildConfiguration;
			buildSettings = {
				CODE_SIGN_STYLE = Automatic;
				CURRENT_PROJECT_VERSION = 1;
				GENERATE_INFOPLIST_FILE = YES;
				MARKETING_VERSION = 1.0;
				PRODUCT_BUNDLE_IDENTIFIER = "press-f.MotoSmartUITests";
				PRODUCT_NAME = "$(TARGET_NAME)";
				SWIFT_EMIT_LOC_STRINGS = NO;
				SWIFT_VERSION = 5.0;
				TARGETED_DEVICE_FAMILY = "1,2";
				TEST_TARGET_NAME = MotoSmart;
			};
			name = Debug;
		};
		CCE78BAF2D29BB1F00A71A0B /* Release */ = {
			isa = XCBuildConfiguration;
			buildSettings = {
				CODE_SIGN_STYLE = Automatic;
				CURRENT_PROJECT_VERSION = 1;
				GENERATE_INFOPLIST_FILE = YES;
				MARKETING_VERSION = 1.0;
				PRODUCT_BUNDLE_IDENTIFIER = "press-f.MotoSmartUITests";
				PRODUCT_NAME = "$(TARGET_NAME)";
				SWIFT_EMIT_LOC_STRINGS = NO;
				SWIFT_VERSION = 5.0;
				TARGETED_DEVICE_FAMILY = "1,2";
				TEST_TARGET_NAME = MotoSmart;
			};
			name = Release;
		};
/* End XCBuildConfiguration section */

/* Begin XCConfigurationList section */
		CCE78B7E2D29BB1C00A71A0B /* Build configuration list for PBXProject "MotoSmart" */ = {
			isa = XCConfigurationList;
			buildConfigurations = (
				CCE78BA52D29BB1F00A71A0B /* Debug */,
				CCE78BA62D29BB1F00A71A0B /* Release */,
			);
			defaultConfigurationIsVisible = 0;
			defaultConfigurationName = Release;
		};
		CCE78BA72D29BB1F00A71A0B /* Build configuration list for PBXNativeTarget "MotoSmart" */ = {
			isa = XCConfigurationList;
			buildConfigurations = (
				CCE78BA82D29BB1F00A71A0B /* Debug */,
				CCE78BA92D29BB1F00A71A0B /* Release */,
			);
			defaultConfigurationIsVisible = 0;
			defaultConfigurationName = Release;
		};
		CCE78BAA2D29BB1F00A71A0B /* Build configuration list for PBXNativeTarget "MotoSmartTests" */ = {
			isa = XCConfigurationList;
			buildConfigurations = (
				CCE78BAB2D29BB1F00A71A0B /* Debug */,
				CCE78BAC2D29BB1F00A71A0B /* Release */,
			);
			defaultConfigurationIsVisible = 0;
			defaultConfigurationName = Release;
		};
		CCE78BAD2D29BB1F00A71A0B /* Build configuration list for PBXNativeTarget "MotoSmartUITests" */ = {
			isa = XCConfigurationList;
			buildConfigurations = (
				CCE78BAE2D29BB1F00A71A0B /* Debug */,
				CCE78BAF2D29BB1F00A71A0B /* Release */,
			);
			defaultConfigurationIsVisible = 0;
			defaultConfigurationName = Release;
		};
/* End XCConfigurationList section */
	};
	rootObject = CCE78B7B2D29BB1C00A71A0B /* Project object */;
}
